
Microsoft Visual Studio Solution File, Format Version 12.00
# Visual Studio Version 17
VisualStudioVersion = 17.13.35931.197 d17.13
MinimumVisualStudioVersion = 10.0.40219.1
Project("{FAE04EC0-301F-11D3-BF4B-00C04F79EFBC}") = "CSharpTasks", "CSharpTasks\CSharpTasks.csproj", "{EA6C4E18-3F81-42FA-B476-D0B512E4BCDA}"
EndProject
Global
	GlobalSection(SolutionConfigurationPlatforms) = preSolution
		Debug|Any CPU = Debug|Any CPU
		Release|Any CPU = Release|Any CPU
	EndGlobalSection
	GlobalSection(ProjectConfigurationPlatforms) = postSolution
		{EA6C4E18-3F81-42FA-B476-D0B512E4BCDA}.Debug|Any CPU.ActiveCfg = Debug|Any CPU
		{EA6C4E18-3F81-42FA-B476-D0B512E4BCDA}.Debug|Any CPU.Build.0 = Debug|Any CPU
		{EA6C4E18-3F81-42FA-B476-D0B512E4BCDA}.Release|Any CPU.ActiveCfg = Release|Any CPU
		{EA6C4E18-3F81-42FA-B476-D0B512E4BCDA}.Release|Any CPU.Build.0 = Release|Any CPU
	EndGlobalSection
	GlobalSection(SolutionProperties) = preSolution
		HideSolutionNode = FALSE
	EndGlobalSection
	GlobalSection(ExtensibilityGlobals) = postSolution
		SolutionGuid = {C8B057C9-107C-4E8F-A1B1-AC54FCE11E56}
	EndGlobalSection
EndGlobal
